// !$*UTF8*$!
{
	archiveVersion = 1;
	classes = {
	};
	objectVersion = 51;
	objects = {

/* Begin PBXBuildFile section */
		6A65910524882C78009D807D /* AppDelegate.m in Sources */ = {isa = PBXBuildFile; fileRef = 6A65910424882C78009D807D /* AppDelegate.m */; };
		6A65910824882C78009D807D /* SceneDelegate.m in Sources */ = {isa = PBXBuildFile; fileRef = 6A65910724882C78009D807D /* SceneDelegate.m */; };
		6A65910E24882C78009D807D /* Checkout.storyboard in Resources */ = {isa = PBXBuildFile; fileRef = 6A65910C24882C78009D807D /* Checkout.storyboard */; };
		6A65911024882C79009D807D /* Assets.xcassets in Resources */ = {isa = PBXBuildFile; fileRef = 6A65910F24882C79009D807D /* Assets.xcassets */; };
		6A65911324882C79009D807D /* LaunchScreen.storyboard in Resources */ = {isa = PBXBuildFile; fileRef = 6A65911124882C79009D807D /* LaunchScreen.storyboard */; };
		6A65911624882C79009D807D /* main.m in Sources */ = {isa = PBXBuildFile; fileRef = 6A65911524882C79009D807D /* main.m */; };
		6A65912624882F2D009D807D /* paytabs-iOS.framework in Frameworks */ = {isa = PBXBuildFile; fileRef = 6A65912524882F2D009D807D /* paytabs-iOS.framework */; };
		6A65912824882F42009D807D /* Resources.bundle in Resources */ = {isa = PBXBuildFile; fileRef = 6A65912724882F42009D807D /* Resources.bundle */; };
		6A65912B24883150009D807D /* PTConfigurationsViewController.m in Sources */ = {isa = PBXBuildFile; fileRef = 6A65912A24883150009D807D /* PTConfigurationsViewController.m */; };
		6A65912E24883BF0009D807D /* CheckoutViewController.m in Sources */ = {isa = PBXBuildFile; fileRef = 6A65912D24883BF0009D807D /* CheckoutViewController.m */; };
		6A65913124884C89009D807D /* CheckoutResultViewController.m in Sources */ = {isa = PBXBuildFile; fileRef = 6A65913024884C89009D807D /* CheckoutResultViewController.m */; };
		8414C8D543C6B25EA14D8C45 /* Pods_PayTabs_OBjC.framework in Frameworks */ = {isa = PBXBuildFile; fileRef = 046486400FFCCAFE37E5171D /* Pods_PayTabs_OBjC.framework */; };
/* End PBXBuildFile section */

/* Begin PBXFileReference section */
		046486400FFCCAFE37E5171D /* Pods_PayTabs_OBjC.framework */ = {isa = PBXFileReference; explicitFileType = wrapper.framework; includeInIndex = 0; path = Pods_PayTabs_OBjC.framework; sourceTree = BUILT_PRODUCTS_DIR; };
		11821DAAA916F8E95DA5E34C /* Pods-PayTabs_OBjC.release.xcconfig */ = {isa = PBXFileReference; includeInIndex = 1; lastKnownFileType = text.xcconfig; name = "Pods-PayTabs_OBjC.release.xcconfig"; path = "Target Support Files/Pods-PayTabs_OBjC/Pods-PayTabs_OBjC.release.xcconfig"; sourceTree = "<group>"; };
		6A65910024882C78009D807D /* PayTabs_OBjC.app */ = {isa = PBXFileReference; explicitFileType = wrapper.application; includeInIndex = 0; path = PayTabs_OBjC.app; sourceTree = BUILT_PRODUCTS_DIR; };
		6A65910324882C78009D807D /* AppDelegate.h */ = {isa = PBXFileReference; lastKnownFileType = sourcecode.c.h; path = AppDelegate.h; sourceTree = "<group>"; };
		6A65910424882C78009D807D /* AppDelegate.m */ = {isa = PBXFileReference; lastKnownFileType = sourcecode.c.objc; path = AppDelegate.m; sourceTree = "<group>"; };
		6A65910624882C78009D807D /* SceneDelegate.h */ = {isa = PBXFileReference; lastKnownFileType = sourcecode.c.h; path = SceneDelegate.h; sourceTree = "<group>"; };
		6A65910724882C78009D807D /* SceneDelegate.m */ = {isa = PBXFileReference; lastKnownFileType = sourcecode.c.objc; path = SceneDelegate.m; sourceTree = "<group>"; };
		6A65910D24882C78009D807D /* Base */ = {isa = PBXFileReference; lastKnownFileType = file.storyboard; name = Base; path = Base.lproj/Checkout.storyboard; sourceTree = "<group>"; };
		6A65910F24882C79009D807D /* Assets.xcassets */ = {isa = PBXFileReference; lastKnownFileType = folder.assetcatalog; path = Assets.xcassets; sourceTree = "<group>"; };
		6A65911224882C79009D807D /* Base */ = {isa = PBXFileReference; lastKnownFileType = file.storyboard; name = Base; path = Base.lproj/LaunchScreen.storyboard; sourceTree = "<group>"; };
		6A65911424882C79009D807D /* Info.plist */ = {isa = PBXFileReference; lastKnownFileType = text.plist.xml; path = Info.plist; sourceTree = "<group>"; };
		6A65911524882C79009D807D /* main.m */ = {isa = PBXFileReference; lastKnownFileType = sourcecode.c.objc; path = main.m; sourceTree = "<group>"; };
		6A65912524882F2D009D807D /* paytabs-iOS.framework */ = {isa = PBXFileReference; lastKnownFileType = wrapper.framework; path = "paytabs-iOS.framework"; sourceTree = "<group>"; };
		6A65912724882F42009D807D /* Resources.bundle */ = {isa = PBXFileReference; lastKnownFileType = "wrapper.plug-in"; path = Resources.bundle; sourceTree = "<group>"; };
		6A65912924883150009D807D /* PTConfigurationsViewController.h */ = {isa = PBXFileReference; lastKnownFileType = sourcecode.c.h; path = PTConfigurationsViewController.h; sourceTree = "<group>"; };
		6A65912A24883150009D807D /* PTConfigurationsViewController.m */ = {isa = PBXFileReference; lastKnownFileType = sourcecode.c.objc; path = PTConfigurationsViewController.m; sourceTree = "<group>"; };
		6A65912C24883BF0009D807D /* CheckoutViewController.h */ = {isa = PBXFileReference; lastKnownFileType = sourcecode.c.h; path = CheckoutViewController.h; sourceTree = "<group>"; };
		6A65912D24883BF0009D807D /* CheckoutViewController.m */ = {isa = PBXFileReference; lastKnownFileType = sourcecode.c.objc; path = CheckoutViewController.m; sourceTree = "<group>"; };
		6A65912F24884C89009D807D /* CheckoutResultViewController.h */ = {isa = PBXFileReference; lastKnownFileType = sourcecode.c.h; path = CheckoutResultViewController.h; sourceTree = "<group>"; };
		6A65913024884C89009D807D /* CheckoutResultViewController.m */ = {isa = PBXFileReference; lastKnownFileType = sourcecode.c.objc; path = CheckoutResultViewController.m; sourceTree = "<group>"; };
		EAD2E76F85710B1379DC32CA /* Pods-PayTabs_OBjC.debug.xcconfig */ = {isa = PBXFileReference; includeInIndex = 1; lastKnownFileType = text.xcconfig; name = "Pods-PayTabs_OBjC.debug.xcconfig"; path = "Target Support Files/Pods-PayTabs_OBjC/Pods-PayTabs_OBjC.debug.xcconfig"; sourceTree = "<group>"; };
/* End PBXFileReference section */

/* Begin PBXFrameworksBuildPhase section */
		6A6590FD24882C78009D807D /* Frameworks */ = {
			isa = PBXFrameworksBuildPhase;
			buildActionMask = 2147483647;
			files = (
				8414C8D543C6B25EA14D8C45 /* Pods_PayTabs_OBjC.framework in Frameworks */,
				6A65912624882F2D009D807D /* paytabs-iOS.framework in Frameworks */,
			);
			runOnlyForDeploymentPostprocessing = 0;
		};
/* End PBXFrameworksBuildPhase section */

/* Begin PBXGroup section */
		68A7FDBFA2EAC0C03BBCE076 /* Frameworks */ = {
			isa = PBXGroup;
			children = (
				046486400FFCCAFE37E5171D /* Pods_PayTabs_OBjC.framework */,
			);
			name = Frameworks;
			sourceTree = "<group>";
		};
		6A6590F724882C78009D807D = {
			isa = PBXGroup;
			children = (
				6A65910224882C78009D807D /* PayTabs_OBjC */,
				6A65910124882C78009D807D /* Products */,
				F9492CAB1350473B0A9E4809 /* Pods */,
				68A7FDBFA2EAC0C03BBCE076 /* Frameworks */,
			);
			sourceTree = "<group>";
		};
		6A65910124882C78009D807D /* Products */ = {
			isa = PBXGroup;
			children = (
				6A65910024882C78009D807D /* PayTabs_OBjC.app */,
			);
			name = Products;
			sourceTree = "<group>";
		};
		6A65910224882C78009D807D /* PayTabs_OBjC */ = {
			isa = PBXGroup;
			children = (
				6A65912224882E85009D807D /* SupportingFiles */,
				6A65911C24882C9B009D807D /* Scenarios */,
				6A65910F24882C79009D807D /* Assets.xcassets */,
				6A65911124882C79009D807D /* LaunchScreen.storyboard */,
				6A65911424882C79009D807D /* Info.plist */,
				6A65911524882C79009D807D /* main.m */,
			);
			path = PayTabs_OBjC;
			sourceTree = "<group>";
		};
		6A65911C24882C9B009D807D /* Scenarios */ = {
			isa = PBXGroup;
			children = (
				6A65911D24882E4D009D807D /* Checkout */,
			);
			path = Scenarios;
			sourceTree = "<group>";
		};
		6A65911D24882E4D009D807D /* Checkout */ = {
			isa = PBXGroup;
			children = (
				6A65912124882E78009D807D /* ViewControllers */,
				6A65912024882E67009D807D /* Storyboard */,
				6A65911F24882E60009D807D /* CustomViews */,
				6A65911E24882E58009D807D /* ViewModel */,
			);
			path = Checkout;
			sourceTree = "<group>";
		};
		6A65911E24882E58009D807D /* ViewModel */ = {
			isa = PBXGroup;
			children = (
			);
			path = ViewModel;
			sourceTree = "<group>";
		};
		6A65911F24882E60009D807D /* CustomViews */ = {
			isa = PBXGroup;
			children = (
			);
			path = CustomViews;
			sourceTree = "<group>";
		};
		6A65912024882E67009D807D /* Storyboard */ = {
			isa = PBXGroup;
			children = (
				6A65910C24882C78009D807D /* Checkout.storyboard */,
			);
			path = Storyboard;
			sourceTree = "<group>";
		};
		6A65912124882E78009D807D /* ViewControllers */ = {
			isa = PBXGroup;
			children = (
				6A65912924883150009D807D /* PTConfigurationsViewController.h */,
				6A65912A24883150009D807D /* PTConfigurationsViewController.m */,
				6A65912C24883BF0009D807D /* CheckoutViewController.h */,
				6A65912D24883BF0009D807D /* CheckoutViewController.m */,
				6A65912F24884C89009D807D /* CheckoutResultViewController.h */,
				6A65913024884C89009D807D /* CheckoutResultViewController.m */,
			);
			path = ViewControllers;
			sourceTree = "<group>";
		};
		6A65912224882E85009D807D /* SupportingFiles */ = {
			isa = PBXGroup;
			children = (
				6A65910324882C78009D807D /* AppDelegate.h */,
				6A65910424882C78009D807D /* AppDelegate.m */,
				6A65910624882C78009D807D /* SceneDelegate.h */,
				6A65910724882C78009D807D /* SceneDelegate.m */,
				6A65912424882EDA009D807D /* Resources */,
				6A65912324882EBA009D807D /* Frameworks */,
			);
			path = SupportingFiles;
			sourceTree = "<group>";
		};
		6A65912324882EBA009D807D /* Frameworks */ = {
			isa = PBXGroup;
			children = (
				6A65912524882F2D009D807D /* paytabs-iOS.framework */,
			);
			path = Frameworks;
			sourceTree = "<group>";
		};
		6A65912424882EDA009D807D /* Resources */ = {
			isa = PBXGroup;
			children = (
				6A65912724882F42009D807D /* Resources.bundle */,
			);
			path = Resources;
			sourceTree = "<group>";
		};
		F9492CAB1350473B0A9E4809 /* Pods */ = {
			isa = PBXGroup;
			children = (
				EAD2E76F85710B1379DC32CA /* Pods-PayTabs_OBjC.debug.xcconfig */,
				11821DAAA916F8E95DA5E34C /* Pods-PayTabs_OBjC.release.xcconfig */,
			);
			path = Pods;
			sourceTree = "<group>";
		};
/* End PBXGroup section */

/* Begin PBXNativeTarget section */
		6A6590FF24882C78009D807D /* PayTabs_OBjC */ = {
			isa = PBXNativeTarget;
			buildConfigurationList = 6A65911924882C79009D807D /* Build configuration list for PBXNativeTarget "PayTabs_OBjC" */;
			buildPhases = (
				F7A1BF90ACB96EA7A0A40DF0 /* [CP] Check Pods Manifest.lock */,
				6A6590FC24882C78009D807D /* Sources */,
				6A6590FD24882C78009D807D /* Frameworks */,
				6A6590FE24882C78009D807D /* Resources */,
				5E7A1B87430A2A2E46DC0D2B /* [CP] Embed Pods Frameworks */,
			);
			buildRules = (
			);
			dependencies = (
			);
			name = PayTabs_OBjC;
			productName = PayTabs_OBjC;
			productReference = 6A65910024882C78009D807D /* PayTabs_OBjC.app */;
			productType = "com.apple.product-type.application";
		};
/* End PBXNativeTarget section */

/* Begin PBXProject section */
		6A6590F824882C78009D807D /* Project object */ = {
			isa = PBXProject;
			attributes = {
				LastUpgradeCheck = 1150;
				ORGANIZATIONNAME = MSalah;
				TargetAttributes = {
					6A6590FF24882C78009D807D = {
						CreatedOnToolsVersion = 11.5;
					};
				};
			};
			buildConfigurationList = 6A6590FB24882C78009D807D /* Build configuration list for PBXProject "PayTabs_OBjC" */;
			compatibilityVersion = "Xcode 9.3";
			developmentRegion = en;
			hasScannedForEncodings = 0;
			knownRegions = (
				en,
				Base,
			);
			mainGroup = 6A6590F724882C78009D807D;
			productRefGroup = 6A65910124882C78009D807D /* Products */;
			projectDirPath = "";
			projectRoot = "";
			targets = (
				6A6590FF24882C78009D807D /* PayTabs_OBjC */,
			);
		};
/* End PBXProject section */

/* Begin PBXResourcesBuildPhase section */
		6A6590FE24882C78009D807D /* Resources */ = {
			isa = PBXResourcesBuildPhase;
			buildActionMask = 2147483647;
			files = (
				6A65911324882C79009D807D /* LaunchScreen.storyboard in Resources */,
				6A65911024882C79009D807D /* Assets.xcassets in Resources */,
				6A65910E24882C78009D807D /* Checkout.storyboard in Resources */,
				6A65912824882F42009D807D /* Resources.bundle in Resources */,
			);
			runOnlyForDeploymentPostprocessing = 0;
		};
/* End PBXResourcesBuildPhase section */

/* Begin PBXShellScriptBuildPhase section */
		5E7A1B87430A2A2E46DC0D2B /* [CP] Embed Pods Frameworks */ = {
			isa = PBXShellScriptBuildPhase;
			buildActionMask = 2147483647;
			files = (
			);
			inputFileListPaths = (
				"${PODS_ROOT}/Target Support Files/Pods-PayTabs_OBjC/Pods-PayTabs_OBjC-frameworks-${CONFIGURATION}-input-files.xcfilelist",
			);
			name = "[CP] Embed Pods Frameworks";
			outputFileListPaths = (
				"${PODS_ROOT}/Target Support Files/Pods-PayTabs_OBjC/Pods-PayTabs_OBjC-frameworks-${CONFIGURATION}-output-files.xcfilelist",
			);
			runOnlyForDeploymentPostprocessing = 0;
			shellPath = /bin/sh;
			shellScript = "\"${PODS_ROOT}/Target Support Files/Pods-PayTabs_OBjC/Pods-PayTabs_OBjC-frameworks.sh\"\n";
			showEnvVarsInLog = 0;
		};
		F7A1BF90ACB96EA7A0A40DF0 /* [CP] Check Pods Manifest.lock */ = {
			isa = PBXShellScriptBuildPhase;
			buildActionMask = 2147483647;
			files = (
			);
			inputFileListPaths = (
			);
			inputPaths = (
				"${PODS_PODFILE_DIR_PATH}/Podfile.lock",
				"${PODS_ROOT}/Manifest.lock",
			);
			name = "[CP] Check Pods Manifest.lock";
			outputFileListPaths = (
			);
			outputPaths = (
				"$(DERIVED_FILE_DIR)/Pods-PayTabs_OBjC-checkManifestLockResult.txt",
			);
			runOnlyForDeploymentPostprocessing = 0;
			shellPath = /bin/sh;
			shellScript = "diff \"${PODS_PODFILE_DIR_PATH}/Podfile.lock\" \"${PODS_ROOT}/Manifest.lock\" > /dev/null\nif [ $? != 0 ] ; then\n    # print error to STDERR\n    echo \"error: The sandbox is not in sync with the Podfile.lock. Run 'pod install' or update your CocoaPods installation.\" >&2\n    exit 1\nfi\n# This output is used by Xcode 'outputs' to avoid re-running this script phase.\necho \"SUCCESS\" > \"${SCRIPT_OUTPUT_FILE_0}\"\n";
			showEnvVarsInLog = 0;
		};
/* End PBXShellScriptBuildPhase section */

/* Begin PBXSourcesBuildPhase section */
		6A6590FC24882C78009D807D /* Sources */ = {
			isa = PBXSourcesBuildPhase;
			buildActionMask = 2147483647;
			files = (
				6A65912E24883BF0009D807D /* CheckoutViewController.m in Sources */,
				6A65913124884C89009D807D /* CheckoutResultViewController.m in Sources */,
				6A65910524882C78009D807D /* AppDelegate.m in Sources */,
				6A65911624882C79009D807D /* main.m in Sources */,
				6A65912B24883150009D807D /* PTConfigurationsViewController.m in Sources */,
				6A65910824882C78009D807D /* SceneDelegate.m in Sources */,
			);
			runOnlyForDeploymentPostprocessing = 0;
		};
/* End PBXSourcesBuildPhase section */

/* Begin PBXVariantGroup section */
		6A65910C24882C78009D807D /* Checkout.storyboard */ = {
			isa = PBXVariantGroup;
			children = (
				6A65910D24882C78009D807D /* Base */,
			);
			name = Checkout.storyboard;
			sourceTree = "<group>";
		};
		6A65911124882C79009D807D /* LaunchScreen.storyboard */ = {
			isa = PBXVariantGroup;
			children = (
				6A65911224882C79009D807D /* Base */,
			);
			name = LaunchScreen.storyboard;
			sourceTree = "<group>";
		};
/* End PBXVariantGroup section */

/* Begin XCBuildConfiguration section */
		6A65911724882C79009D807D /* Debug */ = {
			isa = XCBuildConfiguration;
			buildSettings = {
				ALWAYS_SEARCH_USER_PATHS = NO;
				CLANG_ANALYZER_NONNULL = YES;
				CLANG_ANALYZER_NUMBER_OBJECT_CONVERSION = YES_AGGRESSIVE;
				CLANG_CXX_LANGUAGE_STANDARD = "gnu++14";
				CLANG_CXX_LIBRARY = "libc++";
				CLANG_ENABLE_MODULES = YES;
				CLANG_ENABLE_OBJC_ARC = YES;
				CLANG_ENABLE_OBJC_WEAK = YES;
				CLANG_WARN_BLOCK_CAPTURE_AUTORELEASING = YES;
				CLANG_WARN_BOOL_CONVERSION = YES;
				CLANG_WARN_COMMA = YES;
				CLANG_WARN_CONSTANT_CONVERSION = YES;
				CLANG_WARN_DEPRECATED_OBJC_IMPLEMENTATIONS = YES;
				CLANG_WARN_DIRECT_OBJC_ISA_USAGE = YES_ERROR;
				CLANG_WARN_DOCUMENTATION_COMMENTS = YES;
				CLANG_WARN_EMPTY_BODY = YES;
				CLANG_WARN_ENUM_CONVERSION = YES;
				CLANG_WARN_INFINITE_RECURSION = YES;
				CLANG_WARN_INT_CONVERSION = YES;
				CLANG_WARN_NON_LITERAL_NULL_CONVERSION = YES;
				CLANG_WARN_OBJC_IMPLICIT_RETAIN_SELF = YES;
				CLANG_WARN_OBJC_LITERAL_CONVERSION = YES;
				CLANG_WARN_OBJC_ROOT_CLASS = YES_ERROR;
				CLANG_WARN_RANGE_LOOP_ANALYSIS = YES;
				CLANG_WARN_STRICT_PROTOTYPES = YES;
				CLANG_WARN_SUSPICIOUS_MOVE = YES;
				CLANG_WARN_UNGUARDED_AVAILABILITY = YES_AGGRESSIVE;
				CLANG_WARN_UNREACHABLE_CODE = YES;
				CLANG_WARN__DUPLICATE_METHOD_MATCH = YES;
				COPY_PHASE_STRIP = NO;
				DEBUG_INFORMATION_FORMAT = dwarf;
				ENABLE_STRICT_OBJC_MSGSEND = YES;
				ENABLE_TESTABILITY = YES;
				GCC_C_LANGUAGE_STANDARD = gnu11;
				GCC_DYNAMIC_NO_PIC = NO;
				GCC_NO_COMMON_BLOCKS = YES;
				GCC_OPTIMIZATION_LEVEL = 0;
				GCC_PREPROCESSOR_DEFINITIONS = (
					"DEBUG=1",
					"$(inherited)",
				);
				GCC_WARN_64_TO_32_BIT_CONVERSION = YES;
				GCC_WARN_ABOUT_RETURN_TYPE = YES_ERROR;
				GCC_WARN_UNDECLARED_SELECTOR = YES;
				GCC_WARN_UNINITIALIZED_AUTOS = YES_AGGRESSIVE;
				GCC_WARN_UNUSED_FUNCTION = YES;
				GCC_WARN_UNUSED_VARIABLE = YES;
				IPHONEOS_DEPLOYMENT_TARGET = 13.5;
				MTL_ENABLE_DEBUG_INFO = INCLUDE_SOURCE;
				MTL_FAST_MATH = YES;
				ONLY_ACTIVE_ARCH = YES;
				SDKROOT = iphoneos;
			};
			name = Debug;
		};
		6A65911824882C79009D807D /* Release */ = {
			isa = XCBuildConfiguration;
			buildSettings = {
				ALWAYS_SEARCH_USER_PATHS = NO;
				CLANG_ANALYZER_NONNULL = YES;
				CLANG_ANALYZER_NUMBER_OBJECT_CONVERSION = YES_AGGRESSIVE;
				CLANG_CXX_LANGUAGE_STANDARD = "gnu++14";
				CLANG_CXX_LIBRARY = "libc++";
				CLANG_ENABLE_MODULES = YES;
				CLANG_ENABLE_OBJC_ARC = YES;
				CLANG_ENABLE_OBJC_WEAK = YES;
				CLANG_WARN_BLOCK_CAPTURE_AUTORELEASING = YES;
				CLANG_WARN_BOOL_CONVERSION = YES;
				CLANG_WARN_COMMA = YES;
				CLANG_WARN_CONSTANT_CONVERSION = YES;
				CLANG_WARN_DEPRECATED_OBJC_IMPLEMENTATIONS = YES;
				CLANG_WARN_DIRECT_OBJC_ISA_USAGE = YES_ERROR;
				CLANG_WARN_DOCUMENTATION_COMMENTS = YES;
				CLANG_WARN_EMPTY_BODY = YES;
				CLANG_WARN_ENUM_CONVERSION = YES;
				CLANG_WARN_INFINITE_RECURSION = YES;
				CLANG_WARN_INT_CONVERSION = YES;
				CLANG_WARN_NON_LITERAL_NULL_CONVERSION = YES;
				CLANG_WARN_OBJC_IMPLICIT_RETAIN_SELF = YES;
				CLANG_WARN_OBJC_LITERAL_CONVERSION = YES;
				CLANG_WARN_OBJC_ROOT_CLASS = YES_ERROR;
				CLANG_WARN_RANGE_LOOP_ANALYSIS = YES;
				CLANG_WARN_STRICT_PROTOTYPES = YES;
				CLANG_WARN_SUSPICIOUS_MOVE = YES;
				CLANG_WARN_UNGUARDED_AVAILABILITY = YES_AGGRESSIVE;
				CLANG_WARN_UNREACHABLE_CODE = YES;
				CLANG_WARN__DUPLICATE_METHOD_MATCH = YES;
				COPY_PHASE_STRIP = NO;
				DEBUG_INFORMATION_FORMAT = "dwarf-with-dsym";
				ENABLE_NS_ASSERTIONS = NO;
				ENABLE_STRICT_OBJC_MSGSEND = YES;
				GCC_C_LANGUAGE_STANDARD = gnu11;
				GCC_NO_COMMON_BLOCKS = YES;
				GCC_WARN_64_TO_32_BIT_CONVERSION = YES;
				GCC_WARN_ABOUT_RETURN_TYPE = YES_ERROR;
				GCC_WARN_UNDECLARED_SELECTOR = YES;
				GCC_WARN_UNINITIALIZED_AUTOS = YES_AGGRESSIVE;
				GCC_WARN_UNUSED_FUNCTION = YES;
				GCC_WARN_UNUSED_VARIABLE = YES;
				IPHONEOS_DEPLOYMENT_TARGET = 13.5;
				MTL_ENABLE_DEBUG_INFO = NO;
				MTL_FAST_MATH = YES;
				SDKROOT = iphoneos;
				VALIDATE_PRODUCT = YES;
			};
			name = Release;
		};
		6A65911A24882C79009D807D /* Debug */ = {
			isa = XCBuildConfiguration;
			baseConfigurationReference = EAD2E76F85710B1379DC32CA /* Pods-PayTabs_OBjC.debug.xcconfig */;
			buildSettings = {
				ASSETCATALOG_COMPILER_APPICON_NAME = AppIcon;
				CODE_SIGN_STYLE = Automatic;
				DEVELOPMENT_TEAM = Y7K45XUMA7;
				ENABLE_BITCODE = NO;
				FRAMEWORK_SEARCH_PATHS = (
					"$(inherited)",
					"$(PROJECT_DIR)/PayTabs_OBjC/SupportingFiles/Frameworks",
				);
				INFOPLIST_FILE = PayTabs_OBjC/Info.plist;
				IPHONEOS_DEPLOYMENT_TARGET = 13.0;
				LD_RUNPATH_SEARCH_PATHS = (
					"$(inherited)",
					"@executable_path/Frameworks",
				);
				OTHER_LDFLAGS = (
					"$(inherited)",
					"-ObjC",
					"-framework",
					"\"AFNetworking\"",
					"-framework",
					"\"BIObjCHelpers\"",
					"-all_load",
				);
				PRODUCT_BUNDLE_IDENTIFIER = com.msalah.PT.OBjC;
				PRODUCT_NAME = "$(TARGET_NAME)";
				TARGETED_DEVICE_FAMILY = 1;
			};
			name = Debug;
		};
		6A65911B24882C79009D807D /* Release */ = {
			isa = XCBuildConfiguration;
			baseConfigurationReference = 11821DAAA916F8E95DA5E34C /* Pods-PayTabs_OBjC.release.xcconfig */;
			buildSettings = {
				ASSETCATALOG_COMPILER_APPICON_NAME = AppIcon;
				CODE_SIGN_STYLE = Automatic;
				DEVELOPMENT_TEAM = Y7K45XUMA7;
				ENABLE_BITCODE = NO;
				FRAMEWORK_SEARCH_PATHS = (
					"$(inherited)",
					"$(PROJECT_DIR)/PayTabs_OBjC/SupportingFiles/Frameworks",
				);
				INFOPLIST_FILE = PayTabs_OBjC/Info.plist;
				IPHONEOS_DEPLOYMENT_TARGET = 13.0;
				LD_RUNPATH_SEARCH_PATHS = (
					"$(inherited)",
					"@executable_path/Frameworks",
				);
				OTHER_LDFLAGS = (
					"$(inherited)",
					"-ObjC",
					"-framework",
					"\"AFNetworking\"",
					"-framework",
					"\"BIObjCHelpers\"",
					"-all_load",
				);
				PRODUCT_BUNDLE_IDENTIFIER = com.msalah.PT.OBjC;
				PRODUCT_NAME = "$(TARGET_NAME)";
				TARGETED_DEVICE_FAMILY = 1;
			};
			name = Release;
		};
/* End XCBuildConfiguration section */

/* Begin XCConfigurationList section */
		6A6590FB24882C78009D807D /* Build configuration list for PBXProject "PayTabs_OBjC" */ = {
			isa = XCConfigurationList;
			buildConfigurations = (
				6A65911724882C79009D807D /* Debug */,
				6A65911824882C79009D807D /* Release */,
			);
			defaultConfigurationIsVisible = 0;
			defaultConfigurationName = Release;
		};
		6A65911924882C79009D807D /* Build configuration list for PBXNativeTarget "PayTabs_OBjC" */ = {
			isa = XCConfigurationList;
			buildConfigurations = (
				6A65911A24882C79009D807D /* Debug */,
				6A65911B24882C79009D807D /* Release */,
			);
			defaultConfigurationIsVisible = 0;
			defaultConfigurationName = Release;
		};
/* End XCConfigurationList section */
	};
	rootObject = 6A6590F824882C78009D807D /* Project object */;
}
